
Microsoft Visual Studio Solution File, Format Version 12.00
# Visual Studio Version 17
VisualStudioVersion = 17.0.31903.59
MinimumVisualStudioVersion = 10.0.40219.1
Project("{2150E333-8FDC-42A3-9474-1A3956D46DE8}") = "src", "src", "{827E0CD3-B72D-47B6-A68D-7590B98EB39B}"
EndProject
Project("{FAE04EC0-301F-11D3-BF4B-00C04F79EFBC}") = "Api", "src\Api\Api.csproj", "{8E83CB96-D6B4-4FD2-B5EF-48D00CB9A890}"
EndProject
Project("{FAE04EC0-301F-11D3-BF4B-00C04F79EFBC}") = "Core", "src\Core\Core.csproj", "{769FB00C-E72E-4E0B-A016-CA9DF99F5F4A}"
EndProject
Project("{FAE04EC0-301F-11D3-BF4B-00C04F79EFBC}") = "Data", "src\Data\Data.csproj", "{58F4A276-22F9-4362-AABC-6C55313FA745}"
EndProject
Project("{FAE04EC0-301F-11D3-BF4B-00C04F79EFBC}") = "Caching", "src\Caching\Caching.csproj", "{00683868-FB17-4002-A22E-3CA5396AE8C4}"
EndProject
Project("{FAE04EC0-301F-11D3-BF4B-00C04F79EFBC}") = "Grains", "src\Grains\Grains.csproj", "{5973986F-0544-4F41-BD09-FCE6FFD09169}"
EndProject
Project("{FAE04EC0-301F-11D3-BF4B-00C04F79EFBC}") = "Silo", "src\Silo\Silo.csproj", "{F1B6AA1F-0833-4759-9859-B7260C8155B4}"
EndProject
Project("{2150E333-8FDC-42A3-9474-1A3956D46DE8}") = "tests", "tests", "{0AB3BF05-4346-4AA6-1389-037BE0695223}"
EndProject
Project("{FAE04EC0-301F-11D3-BF4B-00C04F79EFBC}") = "UnitTests", "tests\UnitTests\UnitTests.csproj", "{DA68AFF4-06CA-4712-8C76-9722C7807C53}"
EndProject
Project("{FAE04EC0-301F-11D3-BF4B-00C04F79EFBC}") = "IntegrationTests", "tests\IntegrationTests\IntegrationTests.csproj", "{07CCCF98-7A31-4C97-9A71-B3D347C04448}"
EndProject
Global
	GlobalSection(SolutionConfigurationPlatforms) = preSolution
		Debug|Any CPU = Debug|Any CPU
		Debug|x64 = Debug|x64
		Debug|x86 = Debug|x86
		Release|Any CPU = Release|Any CPU
		Release|x64 = Release|x64
		Release|x86 = Release|x86
	EndGlobalSection
	GlobalSection(ProjectConfigurationPlatforms) = postSolution
		{8E83CB96-D6B4-4FD2-B5EF-48D00CB9A890}.Debug|Any CPU.ActiveCfg = Debug|Any CPU
		{8E83CB96-D6B4-4FD2-B5EF-48D00CB9A890}.Debug|Any CPU.Build.0 = Debug|Any CPU
		{8E83CB96-D6B4-4FD2-B5EF-48D00CB9A890}.Debug|x64.ActiveCfg = Debug|Any CPU
		{8E83CB96-D6B4-4FD2-B5EF-48D00CB9A890}.Debug|x64.Build.0 = Debug|Any CPU
		{8E83CB96-D6B4-4FD2-B5EF-48D00CB9A890}.Debug|x86.ActiveCfg = Debug|Any CPU
		{8E83CB96-D6B4-4FD2-B5EF-48D00CB9A890}.Debug|x86.Build.0 = Debug|Any CPU
		{8E83CB96-D6B4-4FD2-B5EF-48D00CB9A890}.Release|Any CPU.ActiveCfg = Release|Any CPU
		{8E83CB96-D6B4-4FD2-B5EF-48D00CB9A890}.Release|Any CPU.Build.0 = Release|Any CPU
		{8E83CB96-D6B4-4FD2-B5EF-48D00CB9A890}.Release|x64.ActiveCfg = Release|Any CPU
		{8E83CB96-D6B4-4FD2-B5EF-48D00CB9A890}.Release|x64.Build.0 = Release|Any CPU
		{8E83CB96-D6B4-4FD2-B5EF-48D00CB9A890}.Release|x86.ActiveCfg = Release|Any CPU
		{8E83CB96-D6B4-4FD2-B5EF-48D00CB9A890}.Release|x86.Build.0 = Release|Any CPU
		{769FB00C-E72E-4E0B-A016-CA9DF99F5F4A}.Debug|Any CPU.ActiveCfg = Debug|Any CPU
		{769FB00C-E72E-4E0B-A016-CA9DF99F5F4A}.Debug|Any CPU.Build.0 = Debug|Any CPU
		{769FB00C-E72E-4E0B-A016-CA9DF99F5F4A}.Debug|x64.ActiveCfg = Debug|Any CPU
		{769FB00C-E72E-4E0B-A016-CA9DF99F5F4A}.Debug|x64.Build.0 = Debug|Any CPU
		{769FB00C-E72E-4E0B-A016-CA9DF99F5F4A}.Debug|x86.ActiveCfg = Debug|Any CPU
		{769FB00C-E72E-4E0B-A016-CA9DF99F5F4A}.Debug|x86.Build.0 = Debug|Any CPU
		{769FB00C-E72E-4E0B-A016-CA9DF99F5F4A}.Release|Any CPU.ActiveCfg = Release|Any CPU
		{769FB00C-E72E-4E0B-A016-CA9DF99F5F4A}.Release|Any CPU.Build.0 = Release|Any CPU
		{769FB00C-E72E-4E0B-A016-CA9DF99F5F4A}.Release|x64.ActiveCfg = Release|Any CPU
		{769FB00C-E72E-4E0B-A016-CA9DF99F5F4A}.Release|x64.Build.0 = Release|Any CPU
		{769FB00C-E72E-4E0B-A016-CA9DF99F5F4A}.Release|x86.ActiveCfg = Release|Any CPU
		{769FB00C-E72E-4E0B-A016-CA9DF99F5F4A}.Release|x86.Build.0 = Release|Any CPU
		{58F4A276-22F9-4362-AABC-6C55313FA745}.Debug|Any CPU.ActiveCfg = Debug|Any CPU
		{58F4A276-22F9-4362-AABC-6C55313FA745}.Debug|Any CPU.Build.0 = Debug|Any CPU
		{58F4A276-22F9-4362-AABC-6C55313FA745}.Debug|x64.ActiveCfg = Debug|Any CPU
		{58F4A276-22F9-4362-AABC-6C55313FA745}.Debug|x64.Build.0 = Debug|Any CPU
		{58F4A276-22F9-4362-AABC-6C55313FA745}.Debug|x86.ActiveCfg = Debug|Any CPU
		{58F4A276-22F9-4362-AABC-6C55313FA745}.Debug|x86.Build.0 = Debug|Any CPU
		{58F4A276-22F9-4362-AABC-6C55313FA745}.Release|Any CPU.ActiveCfg = Release|Any CPU
		{58F4A276-22F9-4362-AABC-6C55313FA745}.Release|Any CPU.Build.0 = Release|Any CPU
		{58F4A276-22F9-4362-AABC-6C55313FA745}.Release|x64.ActiveCfg = Release|Any CPU
		{58F4A276-22F9-4362-AABC-6C55313FA745}.Release|x64.Build.0 = Release|Any CPU
		{58F4A276-22F9-4362-AABC-6C55313FA745}.Release|x86.ActiveCfg = Release|Any CPU
		{58F4A276-22F9-4362-AABC-6C55313FA745}.Release|x86.Build.0 = Release|Any CPU
		{00683868-FB17-4002-A22E-3CA5396AE8C4}.Debug|Any CPU.ActiveCfg = Debug|Any CPU
		{00683868-FB17-4002-A22E-3CA5396AE8C4}.Debug|Any CPU.Build.0 = Debug|Any CPU
		{00683868-FB17-4002-A22E-3CA5396AE8C4}.Debug|x64.ActiveCfg = Debug|Any CPU
		{00683868-FB17-4002-A22E-3CA5396AE8C4}.Debug|x64.Build.0 = Debug|Any CPU
		{00683868-FB17-4002-A22E-3CA5396AE8C4}.Debug|x86.ActiveCfg = Debug|Any CPU
		{00683868-FB17-4002-A22E-3CA5396AE8C4}.Debug|x86.Build.0 = Debug|Any CPU
		{00683868-FB17-4002-A22E-3CA5396AE8C4}.Release|Any CPU.ActiveCfg = Release|Any CPU
		{00683868-FB17-4002-A22E-3CA5396AE8C4}.Release|Any CPU.Build.0 = Release|Any CPU
		{00683868-FB17-4002-A22E-3CA5396AE8C4}.Release|x64.ActiveCfg = Release|Any CPU
		{00683868-FB17-4002-A22E-3CA5396AE8C4}.Release|x64.Build.0 = Release|Any CPU
		{00683868-FB17-4002-A22E-3CA5396AE8C4}.Release|x86.ActiveCfg = Release|Any CPU
		{00683868-FB17-4002-A22E-3CA5396AE8C4}.Release|x86.Build.0 = Release|Any CPU
		{5973986F-0544-4F41-BD09-FCE6FFD09169}.Debug|Any CPU.ActiveCfg = Debug|Any CPU
		{5973986F-0544-4F41-BD09-FCE6FFD09169}.Debug|Any CPU.Build.0 = Debug|Any CPU
		{5973986F-0544-4F41-BD09-FCE6FFD09169}.Debug|x64.ActiveCfg = Debug|Any CPU
		{5973986F-0544-4F41-BD09-FCE6FFD09169}.Debug|x64.Build.0 = Debug|Any CPU
		{5973986F-0544-4F41-BD09-FCE6FFD09169}.Debug|x86.ActiveCfg = Debug|Any CPU
		{5973986F-0544-4F41-BD09-FCE6FFD09169}.Debug|x86.Build.0 = Debug|Any CPU
		{5973986F-0544-4F41-BD09-FCE6FFD09169}.Release|Any CPU.ActiveCfg = Release|Any CPU
		{5973986F-0544-4F41-BD09-FCE6FFD09169}.Release|Any CPU.Build.0 = Release|Any CPU
		{5973986F-0544-4F41-BD09-FCE6FFD09169}.Release|x64.ActiveCfg = Release|Any CPU
		{5973986F-0544-4F41-BD09-FCE6FFD09169}.Release|x64.Build.0 = Release|Any CPU
		{5973986F-0544-4F41-BD09-FCE6FFD09169}.Release|x86.ActiveCfg = Release|Any CPU
		{5973986F-0544-4F41-BD09-FCE6FFD09169}.Release|x86.Build.0 = Release|Any CPU
		{F1B6AA1F-0833-4759-9859-B7260C8155B4}.Debug|Any CPU.ActiveCfg = Debug|Any CPU
		{F1B6AA1F-0833-4759-9859-B7260C8155B4}.Debug|Any CPU.Build.0 = Debug|Any CPU
		{F1B6AA1F-0833-4759-9859-B7260C8155B4}.Debug|x64.ActiveCfg = Debug|Any CPU
		{F1B6AA1F-0833-4759-9859-B7260C8155B4}.Debug|x64.Build.0 = Debug|Any CPU
		{F1B6AA1F-0833-4759-9859-B7260C8155B4}.Debug|x86.ActiveCfg = Debug|Any CPU
		{F1B6AA1F-0833-4759-9859-B7260C8155B4}.Debug|x86.Build.0 = Debug|Any CPU
		{F1B6AA1F-0833-4759-9859-B7260C8155B4}.Release|Any CPU.ActiveCfg = Release|Any CPU
		{F1B6AA1F-0833-4759-9859-B7260C8155B4}.Release|Any CPU.Build.0 = Release|Any CPU
		{F1B6AA1F-0833-4759-9859-B7260C8155B4}.Release|x64.ActiveCfg = Release|Any CPU
		{F1B6AA1F-0833-4759-9859-B7260C8155B4}.Release|x64.Build.0 = Release|Any CPU
		{F1B6AA1F-0833-4759-9859-B7260C8155B4}.Release|x86.ActiveCfg = Release|Any CPU
		{F1B6AA1F-0833-4759-9859-B7260C8155B4}.Release|x86.Build.0 = Release|Any CPU
		{DA68AFF4-06CA-4712-8C76-9722C7807C53}.Debug|Any CPU.ActiveCfg = Debug|Any CPU
		{DA68AFF4-06CA-4712-8C76-9722C7807C53}.Debug|Any CPU.Build.0 = Debug|Any CPU
		{DA68AFF4-06CA-4712-8C76-9722C7807C53}.Debug|x64.ActiveCfg = Debug|Any CPU
		{DA68AFF4-06CA-4712-8C76-9722C7807C53}.Debug|x64.Build.0 = Debug|Any CPU
		{DA68AFF4-06CA-4712-8C76-9722C7807C53}.Debug|x86.ActiveCfg = Debug|Any CPU
		{DA68AFF4-06CA-4712-8C76-9722C7807C53}.Debug|x86.Build.0 = Debug|Any CPU
		{DA68AFF4-06CA-4712-8C76-9722C7807C53}.Release|Any CPU.ActiveCfg = Release|Any CPU
		{DA68AFF4-06CA-4712-8C76-9722C7807C53}.Release|Any CPU.Build.0 = Release|Any CPU
		{DA68AFF4-06CA-4712-8C76-9722C7807C53}.Release|x64.ActiveCfg = Release|Any CPU
		{DA68AFF4-06CA-4712-8C76-9722C7807C53}.Release|x64.Build.0 = Release|Any CPU
		{DA68AFF4-06CA-4712-8C76-9722C7807C53}.Release|x86.ActiveCfg = Release|Any CPU
		{DA68AFF4-06CA-4712-8C76-9722C7807C53}.Release|x86.Build.0 = Release|Any CPU
		{07CCCF98-7A31-4C97-9A71-B3D347C04448}.Debug|Any CPU.ActiveCfg = Debug|Any CPU
		{07CCCF98-7A31-4C97-9A71-B3D347C04448}.Debug|Any CPU.Build.0 = Debug|Any CPU
		{07CCCF98-7A31-4C97-9A71-B3D347C04448}.Debug|x64.ActiveCfg = Debug|Any CPU
		{07CCCF98-7A31-4C97-9A71-B3D347C04448}.Debug|x64.Build.0 = Debug|Any CPU
		{07CCCF98-7A31-4C97-9A71-B3D347C04448}.Debug|x86.ActiveCfg = Debug|Any CPU
		{07CCCF98-7A31-4C97-9A71-B3D347C04448}.Debug|x86.Build.0 = Debug|Any CPU
		{07CCCF98-7A31-4C97-9A71-B3D347C04448}.Release|Any CPU.ActiveCfg = Release|Any CPU
		{07CCCF98-7A31-4C97-9A71-B3D347C04448}.Release|Any CPU.Build.0 = Release|Any CPU
		{07CCCF98-7A31-4C97-9A71-B3D347C04448}.Release|x64.ActiveCfg = Release|Any CPU
		{07CCCF98-7A31-4C97-9A71-B3D347C04448}.Release|x64.Build.0 = Release|Any CPU
		{07CCCF98-7A31-4C97-9A71-B3D347C04448}.Release|x86.ActiveCfg = Release|Any CPU
		{07CCCF98-7A31-4C97-9A71-B3D347C04448}.Release|x86.Build.0 = Release|Any CPU
	EndGlobalSection
	GlobalSection(SolutionProperties) = preSolution
		HideSolutionNode = FALSE
	EndGlobalSection
	GlobalSection(NestedProjects) = preSolution
		{8E83CB96-D6B4-4FD2-B5EF-48D00CB9A890} = {827E0CD3-B72D-47B6-A68D-7590B98EB39B}
		{769FB00C-E72E-4E0B-A016-CA9DF99F5F4A} = {827E0CD3-B72D-47B6-A68D-7590B98EB39B}
		{58F4A276-22F9-4362-AABC-6C55313FA745} = {827E0CD3-B72D-47B6-A68D-7590B98EB39B}
		{00683868-FB17-4002-A22E-3CA5396AE8C4} = {827E0CD3-B72D-47B6-A68D-7590B98EB39B}
		{5973986F-0544-4F41-BD09-FCE6FFD09169} = {827E0CD3-B72D-47B6-A68D-7590B98EB39B}
		{F1B6AA1F-0833-4759-9859-B7260C8155B4} = {827E0CD3-B72D-47B6-A68D-7590B98EB39B}
		{DA68AFF4-06CA-4712-8C76-9722C7807C53} = {0AB3BF05-4346-4AA6-1389-037BE0695223}
		{07CCCF98-7A31-4C97-9A71-B3D347C04448} = {0AB3BF05-4346-4AA6-1389-037BE0695223}
	EndGlobalSection
EndGlobal
